
Microsoft Visual Studio Solution File, Format Version 12.00
# Visual Studio Version 16
VisualStudioVersion = 16.0.30907.101
MinimumVisualStudioVersion = 10.0.40219.1
Project("{FAE04EC0-301F-11D3-BF4B-00C04F79EFBC}") = "MyDictionary", "MyDictionary\MyDictionary.csproj", "{75E4AD53-D607-4DDC-980E-44708DF21AB3}"
EndProject
Global
	GlobalSection(SolutionConfigurationPlatforms) = preSolution
		Debug|Any CPU = Debug|Any CPU
		Release|Any CPU = Release|Any CPU
	EndGlobalSection
	GlobalSection(ProjectConfigurationPlatforms) = postSolution
		{75E4AD53-D607-4DDC-980E-44708DF21AB3}.Debug|Any CPU.ActiveCfg = Debug|Any CPU
		{75E4AD53-D607-4DDC-980E-44708DF21AB3}.Debug|Any CPU.Build.0 = Debug|Any CPU
		{75E4AD53-D607-4DDC-980E-44708DF21AB3}.Release|Any CPU.ActiveCfg = Release|Any CPU
		{75E4AD53-D607-4DDC-980E-44708DF21AB3}.Release|Any CPU.Build.0 = Release|Any CPU
	EndGlobalSection
	GlobalSection(SolutionProperties) = preSolution
		HideSolutionNode = FALSE
	EndGlobalSection
	GlobalSection(ExtensibilityGlobals) = postSolution
		SolutionGuid = {4052B3D2-623A-4CD9-A420-F082A5CEAA7D}
	EndGlobalSection
EndGlobal
